
Microsoft Visual Studio Solution File, Format Version 12.00
# Visual Studio Version 16
VisualStudioVersion = 16.0.30309.148
MinimumVisualStudioVersion = 10.0.40219.1
Project("{9A19103F-16F7-4668-BE54-9A1E7A4F7556}") = "HelloWorld", "HelloWorld\HelloWorld.csproj", "{0B7B6611-2CC8-4356-BC54-AB5FA72EA888}"
EndProject
Project("{9A19103F-16F7-4668-BE54-9A1E7A4F7556}") = "CreditAndSale", "CreditAndSale\CreditAndSale.csproj", "{9AE2F1B5-C9DF-41E3-94CA-7FDD38807AB2}"
EndProject
Project("{9A19103F-16F7-4668-BE54-9A1E7A4F7556}") = "Recursion", "Recursion\Recursion.csproj", "{193CC917-21C4-4F28-9111-1F338401AFC6}"
EndProject
Project("{9A19103F-16F7-4668-BE54-9A1E7A4F7556}") = "ShapesConsoleApp", "ShapesConsoleApp\ShapesConsoleApp.csproj", "{4A8A4B72-4A4C-4A82-98F6-F2348EB09107}"
EndProject
Project("{9A19103F-16F7-4668-BE54-9A1E7A4F7556}") = "Inheritance", "Inheritance\Inheritance.csproj", "{47030862-0A5A-480D-9B8C-F8B49F4A272A}"
EndProject
Project("{9A19103F-16F7-4668-BE54-9A1E7A4F7556}") = "NamesAndPeople", "NamesAndPeople\NamesAndPeople.csproj", "{B5A3676B-5C67-4DD1-B452-70BC64FD4CD9}"
EndProject
Project("{9A19103F-16F7-4668-BE54-9A1E7A4F7556}") = "Statics", "Statics\Statics.csproj", "{70D9E15D-35F4-4D8D-84CA-04AC5E6AA545}"
EndProject
Project("{9A19103F-16F7-4668-BE54-9A1E7A4F7556}") = "WebApp", "WebApp\WebApp.csproj", "{8D45AE3E-4A72-49E7-8E0E-6836B838FEC6}"
EndProject
Project("{9A19103F-16F7-4668-BE54-9A1E7A4F7556}") = "Casting", "Casting\Casting.csproj", "{8A227C2B-C2AB-4EEF-9338-713172A1E1C5}"
EndProject
Project("{9A19103F-16F7-4668-BE54-9A1E7A4F7556}") = "Interafaces", "Interafaces\Interafaces.csproj", "{F2B66932-E059-4EA1-BABB-0DD2FBC2E3A9}"
EndProject
Project("{9A19103F-16F7-4668-BE54-9A1E7A4F7556}") = "DataStructure", "DataStructure\DataStructure.csproj", "{871F047D-8261-41CE-9455-5243202224F9}"
EndProject
Project("{FAE04EC0-301F-11D3-BF4B-00C04F79EFBC}") = "FrameworkWebApp", "FrameworkWebApp\FrameworkWebApp.csproj", "{A413F8E4-C442-48D8-A9B7-7225B35B3BA0}"
EndProject
Project("{FAE04EC0-301F-11D3-BF4B-00C04F79EFBC}") = "WebApplication1", "WebApplication1\WebApplication1.csproj", "{B3A88E45-0226-4A06-9375-6F34E92C9519}"
EndProject
Project("{FAE04EC0-301F-11D3-BF4B-00C04F79EFBC}") = "WebApplication2", "WebApplication2\WebApplication2.csproj", "{195051DE-684E-4028-8574-4FE8E3D94542}"
EndProject
Project("{FAE04EC0-301F-11D3-BF4B-00C04F79EFBC}") = "WebApplication3", "WebApplication3\WebApplication3.csproj", "{D2791DD5-3BCD-4ABA-ADC1-76563F571A6A}"
EndProject
Global
	GlobalSection(SolutionConfigurationPlatforms) = preSolution
		Debug|Any CPU = Debug|Any CPU
		Release|Any CPU = Release|Any CPU
	EndGlobalSection
	GlobalSection(ProjectConfigurationPlatforms) = postSolution
		{0B7B6611-2CC8-4356-BC54-AB5FA72EA888}.Debug|Any CPU.ActiveCfg = Debug|Any CPU
		{0B7B6611-2CC8-4356-BC54-AB5FA72EA888}.Debug|Any CPU.Build.0 = Debug|Any CPU
		{0B7B6611-2CC8-4356-BC54-AB5FA72EA888}.Release|Any CPU.ActiveCfg = Release|Any CPU
		{0B7B6611-2CC8-4356-BC54-AB5FA72EA888}.Release|Any CPU.Build.0 = Release|Any CPU
		{9AE2F1B5-C9DF-41E3-94CA-7FDD38807AB2}.Debug|Any CPU.ActiveCfg = Debug|Any CPU
		{9AE2F1B5-C9DF-41E3-94CA-7FDD38807AB2}.Debug|Any CPU.Build.0 = Debug|Any CPU
		{9AE2F1B5-C9DF-41E3-94CA-7FDD38807AB2}.Release|Any CPU.ActiveCfg = Release|Any CPU
		{9AE2F1B5-C9DF-41E3-94CA-7FDD38807AB2}.Release|Any CPU.Build.0 = Release|Any CPU
		{193CC917-21C4-4F28-9111-1F338401AFC6}.Debug|Any CPU.ActiveCfg = Debug|Any CPU
		{193CC917-21C4-4F28-9111-1F338401AFC6}.Debug|Any CPU.Build.0 = Debug|Any CPU
		{193CC917-21C4-4F28-9111-1F338401AFC6}.Release|Any CPU.ActiveCfg = Release|Any CPU
		{193CC917-21C4-4F28-9111-1F338401AFC6}.Release|Any CPU.Build.0 = Release|Any CPU
		{4A8A4B72-4A4C-4A82-98F6-F2348EB09107}.Debug|Any CPU.ActiveCfg = Debug|Any CPU
		{4A8A4B72-4A4C-4A82-98F6-F2348EB09107}.Debug|Any CPU.Build.0 = Debug|Any CPU
		{4A8A4B72-4A4C-4A82-98F6-F2348EB09107}.Release|Any CPU.ActiveCfg = Release|Any CPU
		{4A8A4B72-4A4C-4A82-98F6-F2348EB09107}.Release|Any CPU.Build.0 = Release|Any CPU
		{47030862-0A5A-480D-9B8C-F8B49F4A272A}.Debug|Any CPU.ActiveCfg = Debug|Any CPU
		{47030862-0A5A-480D-9B8C-F8B49F4A272A}.Debug|Any CPU.Build.0 = Debug|Any CPU
		{47030862-0A5A-480D-9B8C-F8B49F4A272A}.Release|Any CPU.ActiveCfg = Release|Any CPU
		{47030862-0A5A-480D-9B8C-F8B49F4A272A}.Release|Any CPU.Build.0 = Release|Any CPU
		{B5A3676B-5C67-4DD1-B452-70BC64FD4CD9}.Debug|Any CPU.ActiveCfg = Debug|Any CPU
		{B5A3676B-5C67-4DD1-B452-70BC64FD4CD9}.Debug|Any CPU.Build.0 = Debug|Any CPU
		{B5A3676B-5C67-4DD1-B452-70BC64FD4CD9}.Release|Any CPU.ActiveCfg = Release|Any CPU
		{B5A3676B-5C67-4DD1-B452-70BC64FD4CD9}.Release|Any CPU.Build.0 = Release|Any CPU
		{70D9E15D-35F4-4D8D-84CA-04AC5E6AA545}.Debug|Any CPU.ActiveCfg = Debug|Any CPU
		{70D9E15D-35F4-4D8D-84CA-04AC5E6AA545}.Debug|Any CPU.Build.0 = Debug|Any CPU
		{70D9E15D-35F4-4D8D-84CA-04AC5E6AA545}.Release|Any CPU.ActiveCfg = Release|Any CPU
		{70D9E15D-35F4-4D8D-84CA-04AC5E6AA545}.Release|Any CPU.Build.0 = Release|Any CPU
		{8D45AE3E-4A72-49E7-8E0E-6836B838FEC6}.Debug|Any CPU.ActiveCfg = Debug|Any CPU
		{8D45AE3E-4A72-49E7-8E0E-6836B838FEC6}.Debug|Any CPU.Build.0 = Debug|Any CPU
		{8D45AE3E-4A72-49E7-8E0E-6836B838FEC6}.Release|Any CPU.ActiveCfg = Release|Any CPU
		{8D45AE3E-4A72-49E7-8E0E-6836B838FEC6}.Release|Any CPU.Build.0 = Release|Any CPU
		{8A227C2B-C2AB-4EEF-9338-713172A1E1C5}.Debug|Any CPU.ActiveCfg = Debug|Any CPU
		{8A227C2B-C2AB-4EEF-9338-713172A1E1C5}.Debug|Any CPU.Build.0 = Debug|Any CPU
		{8A227C2B-C2AB-4EEF-9338-713172A1E1C5}.Release|Any CPU.ActiveCfg = Release|Any CPU
		{8A227C2B-C2AB-4EEF-9338-713172A1E1C5}.Release|Any CPU.Build.0 = Release|Any CPU
		{F2B66932-E059-4EA1-BABB-0DD2FBC2E3A9}.Debug|Any CPU.ActiveCfg = Debug|Any CPU
		{F2B66932-E059-4EA1-BABB-0DD2FBC2E3A9}.Debug|Any CPU.Build.0 = Debug|Any CPU
		{F2B66932-E059-4EA1-BABB-0DD2FBC2E3A9}.Release|Any CPU.ActiveCfg = Release|Any CPU
		{F2B66932-E059-4EA1-BABB-0DD2FBC2E3A9}.Release|Any CPU.Build.0 = Release|Any CPU
		{871F047D-8261-41CE-9455-5243202224F9}.Debug|Any CPU.ActiveCfg = Debug|Any CPU
		{871F047D-8261-41CE-9455-5243202224F9}.Debug|Any CPU.Build.0 = Debug|Any CPU
		{871F047D-8261-41CE-9455-5243202224F9}.Release|Any CPU.ActiveCfg = Release|Any CPU
		{871F047D-8261-41CE-9455-5243202224F9}.Release|Any CPU.Build.0 = Release|Any CPU
		{A413F8E4-C442-48D8-A9B7-7225B35B3BA0}.Debug|Any CPU.ActiveCfg = Debug|Any CPU
		{A413F8E4-C442-48D8-A9B7-7225B35B3BA0}.Debug|Any CPU.Build.0 = Debug|Any CPU
		{A413F8E4-C442-48D8-A9B7-7225B35B3BA0}.Release|Any CPU.ActiveCfg = Release|Any CPU
		{A413F8E4-C442-48D8-A9B7-7225B35B3BA0}.Release|Any CPU.Build.0 = Release|Any CPU
		{B3A88E45-0226-4A06-9375-6F34E92C9519}.Debug|Any CPU.ActiveCfg = Debug|Any CPU
		{B3A88E45-0226-4A06-9375-6F34E92C9519}.Debug|Any CPU.Build.0 = Debug|Any CPU
		{B3A88E45-0226-4A06-9375-6F34E92C9519}.Release|Any CPU.ActiveCfg = Release|Any CPU
		{B3A88E45-0226-4A06-9375-6F34E92C9519}.Release|Any CPU.Build.0 = Release|Any CPU
		{195051DE-684E-4028-8574-4FE8E3D94542}.Debug|Any CPU.ActiveCfg = Debug|Any CPU
		{195051DE-684E-4028-8574-4FE8E3D94542}.Debug|Any CPU.Build.0 = Debug|Any CPU
		{195051DE-684E-4028-8574-4FE8E3D94542}.Release|Any CPU.ActiveCfg = Release|Any CPU
		{195051DE-684E-4028-8574-4FE8E3D94542}.Release|Any CPU.Build.0 = Release|Any CPU
		{D2791DD5-3BCD-4ABA-ADC1-76563F571A6A}.Debug|Any CPU.ActiveCfg = Debug|Any CPU
		{D2791DD5-3BCD-4ABA-ADC1-76563F571A6A}.Debug|Any CPU.Build.0 = Debug|Any CPU
		{D2791DD5-3BCD-4ABA-ADC1-76563F571A6A}.Release|Any CPU.ActiveCfg = Release|Any CPU
		{D2791DD5-3BCD-4ABA-ADC1-76563F571A6A}.Release|Any CPU.Build.0 = Release|Any CPU
	EndGlobalSection
	GlobalSection(SolutionProperties) = preSolution
		HideSolutionNode = FALSE
	EndGlobalSection
	GlobalSection(ExtensibilityGlobals) = postSolution
		SolutionGuid = {76FE6BD3-5B98-4EFB-9A08-E608DFA5976B}
	EndGlobalSection
EndGlobal
